
Microsoft Visual Studio Solution File, Format Version 12.00
# Visual Studio Version 16
VisualStudioVersion = 16.0.31613.86
MinimumVisualStudioVersion = 10.0.40219.1
Project("{9A19103F-16F7-4668-BE54-9A1E7A4F7556}") = "EFCore", "EFCore\EFCore.csproj", "{1AE5E595-12F7-464A-BC4F-CDF1604B9472}"
EndProject
Project("{9A19103F-16F7-4668-BE54-9A1E7A4F7556}") = "CovidXWebApp", "CovidXWebApp\CovidXWebApp.csproj", "{509D28CE-9678-4748-B145-5D4B3CDE73A2}"
EndProject
Project("{9A19103F-16F7-4668-BE54-9A1E7A4F7556}") = "Utility", "Utility\Utility.csproj", "{6549FCB0-CAF4-4210-AFF4-CE280AA91053}"
EndProject
Global
	GlobalSection(SolutionConfigurationPlatforms) = preSolution
		Debug|Any CPU = Debug|Any CPU
		Release|Any CPU = Release|Any CPU
	EndGlobalSection
	GlobalSection(ProjectConfigurationPlatforms) = postSolution
		{1AE5E595-12F7-464A-BC4F-CDF1604B9472}.Debug|Any CPU.ActiveCfg = Debug|Any CPU
		{1AE5E595-12F7-464A-BC4F-CDF1604B9472}.Debug|Any CPU.Build.0 = Debug|Any CPU
		{1AE5E595-12F7-464A-BC4F-CDF1604B9472}.Release|Any CPU.ActiveCfg = Release|Any CPU
		{1AE5E595-12F7-464A-BC4F-CDF1604B9472}.Release|Any CPU.Build.0 = Release|Any CPU
		{509D28CE-9678-4748-B145-5D4B3CDE73A2}.Debug|Any CPU.ActiveCfg = Debug|Any CPU
		{509D28CE-9678-4748-B145-5D4B3CDE73A2}.Debug|Any CPU.Build.0 = Debug|Any CPU
		{509D28CE-9678-4748-B145-5D4B3CDE73A2}.Release|Any CPU.ActiveCfg = Release|Any CPU
		{509D28CE-9678-4748-B145-5D4B3CDE73A2}.Release|Any CPU.Build.0 = Release|Any CPU
		{6549FCB0-CAF4-4210-AFF4-CE280AA91053}.Debug|Any CPU.ActiveCfg = Debug|Any CPU
		{6549FCB0-CAF4-4210-AFF4-CE280AA91053}.Debug|Any CPU.Build.0 = Debug|Any CPU
		{6549FCB0-CAF4-4210-AFF4-CE280AA91053}.Release|Any CPU.ActiveCfg = Release|Any CPU
		{6549FCB0-CAF4-4210-AFF4-CE280AA91053}.Release|Any CPU.Build.0 = Release|Any CPU
	EndGlobalSection
	GlobalSection(SolutionProperties) = preSolution
		HideSolutionNode = FALSE
	EndGlobalSection
	GlobalSection(ExtensibilityGlobals) = postSolution
		SolutionGuid = {579BA74A-9D07-4B9A-B235-8857D35E4C75}
	EndGlobalSection
EndGlobal
